
Microsoft Visual Studio Solution File, Format Version 12.00
# Visual Studio 14
VisualStudioVersion = 14.0.25420.1
MinimumVisualStudioVersion = 10.0.40219.1
Project("{8BC9CEB8-8B4A-11D0-8D11-00A0C91BC942}") = "cppred", "cppred\cppred.vcxproj", "{89C9E90C-A8FF-4B66-AB94-BA6C9AAAD651}"
	ProjectSection(ProjectDependencies) = postProject
		{3648B1FC-D9FC-494C-994C-6B7DDB247406} = {3648B1FC-D9FC-494C-994C-6B7DDB247406}
	EndProjectSection
EndProject
Project("{2150E333-8FDC-42A3-9474-1A3956D46DE8}") = "Code Generation", "Code Generation", "{14F6114B-8818-4998-B151-A6A1E7BAE383}"
EndProject
Project("{2150E333-8FDC-42A3-9474-1A3956D46DE8}") = "FreeImage", "FreeImage", "{B99D5A91-47A0-4D62-B64B-73F77B8431F8}"
EndProject
Project("{8BC9CEB8-8B4A-11D0-8D11-00A0C91BC942}") = "FreeImageLib", "FreeImage\Source\FreeImageLib\FreeImageLib.2013.vcxproj", "{9E219DF2-315D-478E-8A07-8960C377CE1E}"
EndProject
Project("{8BC9CEB8-8B4A-11D0-8D11-00A0C91BC942}") = "LibJPEG", "FreeImage\Source\LibJPEG\LibJPEG.2013.vcxproj", "{5E1D4E5F-E10C-4BA3-B663-F33014FD21D9}"
EndProject
Project("{8BC9CEB8-8B4A-11D0-8D11-00A0C91BC942}") = "LibJXR", "FreeImage\Source\LibJXR\LibJXR.2013.vcxproj", "{244455E0-5F25-4451-9540-F317883E52A8}"
EndProject
Project("{8BC9CEB8-8B4A-11D0-8D11-00A0C91BC942}") = "LibOpenJPEG", "FreeImage\Source\LibOpenJPEG\LibOpenJPEG.2013.vcxproj", "{E3536C28-A7F1-4B53-8E52-7D2232F9E098}"
EndProject
Project("{8BC9CEB8-8B4A-11D0-8D11-00A0C91BC942}") = "LibPNG", "FreeImage\Source\LibPNG\LibPNG.2013.vcxproj", "{7DB10B50-CE00-4D7A-B322-6824F05D2FCB}"
EndProject
Project("{8BC9CEB8-8B4A-11D0-8D11-00A0C91BC942}") = "LibRaw", "FreeImage\Source\LibRawLite\LibRawLite.2013.vcxproj", "{07F662C1-1323-42AB-B6AF-FBFD34A7437A}"
EndProject
Project("{8BC9CEB8-8B4A-11D0-8D11-00A0C91BC942}") = "LibTIFF4", "FreeImage\Source\LibTIFF4\LibTIFF4.2013.vcxproj", "{EC085CBD-E9C3-477F-9A97-CB9D5DA30E27}"
EndProject
Project("{8BC9CEB8-8B4A-11D0-8D11-00A0C91BC942}") = "LibWebP", "FreeImage\Source\LibWebP\LibWebP.2013.vcxproj", "{097D9F6C-FD0E-4CBC-9676-009012AAECA8}"
EndProject
Project("{8BC9CEB8-8B4A-11D0-8D11-00A0C91BC942}") = "OpenEXR", "FreeImage\Source\OpenEXR\OpenEXR.2013.vcxproj", "{17A4874B-0606-4687-90B6-F91F8CB3B8AF}"
EndProject
Project("{8BC9CEB8-8B4A-11D0-8D11-00A0C91BC942}") = "ZLib", "FreeImage\Source\ZLib\ZLib.2013.vcxproj", "{33134F61-C1AD-4B6F-9CEA-503A9F140C52}"
EndProject
Project("{FAE04EC0-301F-11D3-BF4B-00C04F79EFBC}") = "get_gfx_names", "get_gfx_names\get_gfx_names.csproj", "{5E6A2678-FB4A-40B8-BDF2-40913EFB7235}"
EndProject
Project("{8BC9CEB8-8B4A-11D0-8D11-00A0C91BC942}") = "code_generation", "code_generation\code_generation.vcxproj", "{3648B1FC-D9FC-494C-994C-6B7DDB247406}"
	ProjectSection(ProjectDependencies) = postProject
		{9E219DF2-315D-478E-8A07-8960C377CE1E} = {9E219DF2-315D-478E-8A07-8960C377CE1E}
	EndProjectSection
EndProject
Global
	GlobalSection(SolutionConfigurationPlatforms) = preSolution
		Debug|Win32 = Debug|Win32
		Debug|x64 = Debug|x64
		Release|Win32 = Release|Win32
		Release|x64 = Release|x64
		ReleaseFast|Win32 = ReleaseFast|Win32
		ReleaseFast|x64 = ReleaseFast|x64
	EndGlobalSection
	GlobalSection(ProjectConfigurationPlatforms) = postSolution
		{89C9E90C-A8FF-4B66-AB94-BA6C9AAAD651}.Debug|Win32.ActiveCfg = Debug|Win32
		{89C9E90C-A8FF-4B66-AB94-BA6C9AAAD651}.Debug|Win32.Build.0 = Debug|Win32
		{89C9E90C-A8FF-4B66-AB94-BA6C9AAAD651}.Debug|x64.ActiveCfg = Debug|x64
		{89C9E90C-A8FF-4B66-AB94-BA6C9AAAD651}.Debug|x64.Build.0 = Debug|x64
		{89C9E90C-A8FF-4B66-AB94-BA6C9AAAD651}.Release|Win32.ActiveCfg = Release|Win32
		{89C9E90C-A8FF-4B66-AB94-BA6C9AAAD651}.Release|Win32.Build.0 = Release|Win32
		{89C9E90C-A8FF-4B66-AB94-BA6C9AAAD651}.Release|x64.ActiveCfg = Release|x64
		{89C9E90C-A8FF-4B66-AB94-BA6C9AAAD651}.Release|x64.Build.0 = Release|x64
		{89C9E90C-A8FF-4B66-AB94-BA6C9AAAD651}.ReleaseFast|Win32.ActiveCfg = ReleaseFast|Win32
		{89C9E90C-A8FF-4B66-AB94-BA6C9AAAD651}.ReleaseFast|Win32.Build.0 = ReleaseFast|Win32
		{89C9E90C-A8FF-4B66-AB94-BA6C9AAAD651}.ReleaseFast|x64.ActiveCfg = ReleaseFast|x64
		{89C9E90C-A8FF-4B66-AB94-BA6C9AAAD651}.ReleaseFast|x64.Build.0 = ReleaseFast|x64
		{9E219DF2-315D-478E-8A07-8960C377CE1E}.Debug|Win32.ActiveCfg = Debug|Win32
		{9E219DF2-315D-478E-8A07-8960C377CE1E}.Debug|Win32.Build.0 = Debug|Win32
		{9E219DF2-315D-478E-8A07-8960C377CE1E}.Debug|x64.ActiveCfg = Debug|Win32
		{9E219DF2-315D-478E-8A07-8960C377CE1E}.Debug|x64.Build.0 = Debug|Win32
		{9E219DF2-315D-478E-8A07-8960C377CE1E}.Release|Win32.ActiveCfg = Release|Win32
		{9E219DF2-315D-478E-8A07-8960C377CE1E}.Release|Win32.Build.0 = Release|Win32
		{9E219DF2-315D-478E-8A07-8960C377CE1E}.Release|x64.ActiveCfg = Release|Win32
		{9E219DF2-315D-478E-8A07-8960C377CE1E}.Release|x64.Build.0 = Release|Win32
		{9E219DF2-315D-478E-8A07-8960C377CE1E}.ReleaseFast|Win32.ActiveCfg = Release|Win32
		{9E219DF2-315D-478E-8A07-8960C377CE1E}.ReleaseFast|Win32.Build.0 = Release|Win32
		{9E219DF2-315D-478E-8A07-8960C377CE1E}.ReleaseFast|x64.ActiveCfg = Release|Win32
		{9E219DF2-315D-478E-8A07-8960C377CE1E}.ReleaseFast|x64.Build.0 = Release|Win32
		{5E1D4E5F-E10C-4BA3-B663-F33014FD21D9}.Debug|Win32.ActiveCfg = Debug|Win32
		{5E1D4E5F-E10C-4BA3-B663-F33014FD21D9}.Debug|Win32.Build.0 = Debug|Win32
		{5E1D4E5F-E10C-4BA3-B663-F33014FD21D9}.Debug|x64.ActiveCfg = Debug|Win32
		{5E1D4E5F-E10C-4BA3-B663-F33014FD21D9}.Debug|x64.Build.0 = Debug|Win32
		{5E1D4E5F-E10C-4BA3-B663-F33014FD21D9}.Release|Win32.ActiveCfg = Release|Win32
		{5E1D4E5F-E10C-4BA3-B663-F33014FD21D9}.Release|Win32.Build.0 = Release|Win32
		{5E1D4E5F-E10C-4BA3-B663-F33014FD21D9}.Release|x64.ActiveCfg = Release|Win32
		{5E1D4E5F-E10C-4BA3-B663-F33014FD21D9}.Release|x64.Build.0 = Release|Win32
		{5E1D4E5F-E10C-4BA3-B663-F33014FD21D9}.ReleaseFast|Win32.ActiveCfg = Release|Win32
		{5E1D4E5F-E10C-4BA3-B663-F33014FD21D9}.ReleaseFast|Win32.Build.0 = Release|Win32
		{5E1D4E5F-E10C-4BA3-B663-F33014FD21D9}.ReleaseFast|x64.ActiveCfg = Release|Win32
		{5E1D4E5F-E10C-4BA3-B663-F33014FD21D9}.ReleaseFast|x64.Build.0 = Release|Win32
		{244455E0-5F25-4451-9540-F317883E52A8}.Debug|Win32.ActiveCfg = Debug|Win32
		{244455E0-5F25-4451-9540-F317883E52A8}.Debug|Win32.Build.0 = Debug|Win32
		{244455E0-5F25-4451-9540-F317883E52A8}.Debug|x64.ActiveCfg = Debug|Win32
		{244455E0-5F25-4451-9540-F317883E52A8}.Debug|x64.Build.0 = Debug|Win32
		{244455E0-5F25-4451-9540-F317883E52A8}.Release|Win32.ActiveCfg = Release|Win32
		{244455E0-5F25-4451-9540-F317883E52A8}.Release|Win32.Build.0 = Release|Win32
		{244455E0-5F25-4451-9540-F317883E52A8}.Release|x64.ActiveCfg = Release|Win32
		{244455E0-5F25-4451-9540-F317883E52A8}.Release|x64.Build.0 = Release|Win32
		{244455E0-5F25-4451-9540-F317883E52A8}.ReleaseFast|Win32.ActiveCfg = Release|Win32
		{244455E0-5F25-4451-9540-F317883E52A8}.ReleaseFast|Win32.Build.0 = Release|Win32
		{244455E0-5F25-4451-9540-F317883E52A8}.ReleaseFast|x64.ActiveCfg = Release|Win32
		{244455E0-5F25-4451-9540-F317883E52A8}.ReleaseFast|x64.Build.0 = Release|Win32
		{E3536C28-A7F1-4B53-8E52-7D2232F9E098}.Debug|Win32.ActiveCfg = Debug|Win32
		{E3536C28-A7F1-4B53-8E52-7D2232F9E098}.Debug|Win32.Build.0 = Debug|Win32
		{E3536C28-A7F1-4B53-8E52-7D2232F9E098}.Debug|x64.ActiveCfg = Debug|Win32
		{E3536C28-A7F1-4B53-8E52-7D2232F9E098}.Debug|x64.Build.0 = Debug|Win32
		{E3536C28-A7F1-4B53-8E52-7D2232F9E098}.Release|Win32.ActiveCfg = Release|Win32
		{E3536C28-A7F1-4B53-8E52-7D2232F9E098}.Release|Win32.Build.0 = Release|Win32
		{E3536C28-A7F1-4B53-8E52-7D2232F9E098}.Release|x64.ActiveCfg = Release|Win32
		{E3536C28-A7F1-4B53-8E52-7D2232F9E098}.Release|x64.Build.0 = Release|Win32
		{E3536C28-A7F1-4B53-8E52-7D2232F9E098}.ReleaseFast|Win32.ActiveCfg = Release|Win32
		{E3536C28-A7F1-4B53-8E52-7D2232F9E098}.ReleaseFast|Win32.Build.0 = Release|Win32
		{E3536C28-A7F1-4B53-8E52-7D2232F9E098}.ReleaseFast|x64.ActiveCfg = Release|Win32
		{E3536C28-A7F1-4B53-8E52-7D2232F9E098}.ReleaseFast|x64.Build.0 = Release|Win32
		{7DB10B50-CE00-4D7A-B322-6824F05D2FCB}.Debug|Win32.ActiveCfg = Debug|Win32
		{7DB10B50-CE00-4D7A-B322-6824F05D2FCB}.Debug|Win32.Build.0 = Debug|Win32
		{7DB10B50-CE00-4D7A-B322-6824F05D2FCB}.Debug|x64.ActiveCfg = Debug|Win32
		{7DB10B50-CE00-4D7A-B322-6824F05D2FCB}.Debug|x64.Build.0 = Debug|Win32
		{7DB10B50-CE00-4D7A-B322-6824F05D2FCB}.Release|Win32.ActiveCfg = Release|Win32
		{7DB10B50-CE00-4D7A-B322-6824F05D2FCB}.Release|Win32.Build.0 = Release|Win32
		{7DB10B50-CE00-4D7A-B322-6824F05D2FCB}.Release|x64.ActiveCfg = Release|Win32
		{7DB10B50-CE00-4D7A-B322-6824F05D2FCB}.Release|x64.Build.0 = Release|Win32
		{7DB10B50-CE00-4D7A-B322-6824F05D2FCB}.ReleaseFast|Win32.ActiveCfg = Release|Win32
		{7DB10B50-CE00-4D7A-B322-6824F05D2FCB}.ReleaseFast|Win32.Build.0 = Release|Win32
		{7DB10B50-CE00-4D7A-B322-6824F05D2FCB}.ReleaseFast|x64.ActiveCfg = Release|Win32
		{7DB10B50-CE00-4D7A-B322-6824F05D2FCB}.ReleaseFast|x64.Build.0 = Release|Win32
		{07F662C1-1323-42AB-B6AF-FBFD34A7437A}.Debug|Win32.ActiveCfg = Debug|Win32
		{07F662C1-1323-42AB-B6AF-FBFD34A7437A}.Debug|Win32.Build.0 = Debug|Win32
		{07F662C1-1323-42AB-B6AF-FBFD34A7437A}.Debug|x64.ActiveCfg = Debug|Win32
		{07F662C1-1323-42AB-B6AF-FBFD34A7437A}.Debug|x64.Build.0 = Debug|Win32
		{07F662C1-1323-42AB-B6AF-FBFD34A7437A}.Release|Win32.ActiveCfg = Release|Win32
		{07F662C1-1323-42AB-B6AF-FBFD34A7437A}.Release|Win32.Build.0 = Release|Win32
		{07F662C1-1323-42AB-B6AF-FBFD34A7437A}.Release|x64.ActiveCfg = Release|Win32
		{07F662C1-1323-42AB-B6AF-FBFD34A7437A}.Release|x64.Build.0 = Release|Win32
		{07F662C1-1323-42AB-B6AF-FBFD34A7437A}.ReleaseFast|Win32.ActiveCfg = Release|Win32
		{07F662C1-1323-42AB-B6AF-FBFD34A7437A}.ReleaseFast|Win32.Build.0 = Release|Win32
		{07F662C1-1323-42AB-B6AF-FBFD34A7437A}.ReleaseFast|x64.ActiveCfg = Release|Win32
		{07F662C1-1323-42AB-B6AF-FBFD34A7437A}.ReleaseFast|x64.Build.0 = Release|Win32
		{EC085CBD-E9C3-477F-9A97-CB9D5DA30E27}.Debug|Win32.ActiveCfg = Debug|Win32
		{EC085CBD-E9C3-477F-9A97-CB9D5DA30E27}.Debug|Win32.Build.0 = Debug|Win32
		{EC085CBD-E9C3-477F-9A97-CB9D5DA30E27}.Debug|x64.ActiveCfg = Debug|Win32
		{EC085CBD-E9C3-477F-9A97-CB9D5DA30E27}.Debug|x64.Build.0 = Debug|Win32
		{EC085CBD-E9C3-477F-9A97-CB9D5DA30E27}.Release|Win32.ActiveCfg = Release|Win32
		{EC085CBD-E9C3-477F-9A97-CB9D5DA30E27}.Release|Win32.Build.0 = Release|Win32
		{EC085CBD-E9C3-477F-9A97-CB9D5DA30E27}.Release|x64.ActiveCfg = Release|Win32
		{EC085CBD-E9C3-477F-9A97-CB9D5DA30E27}.Release|x64.Build.0 = Release|Win32
		{EC085CBD-E9C3-477F-9A97-CB9D5DA30E27}.ReleaseFast|Win32.ActiveCfg = Release|Win32
		{EC085CBD-E9C3-477F-9A97-CB9D5DA30E27}.ReleaseFast|Win32.Build.0 = Release|Win32
		{EC085CBD-E9C3-477F-9A97-CB9D5DA30E27}.ReleaseFast|x64.ActiveCfg = Release|Win32
		{EC085CBD-E9C3-477F-9A97-CB9D5DA30E27}.ReleaseFast|x64.Build.0 = Release|Win32
		{097D9F6C-FD0E-4CBC-9676-009012AAECA8}.Debug|Win32.ActiveCfg = Debug|Win32
		{097D9F6C-FD0E-4CBC-9676-009012AAECA8}.Debug|Win32.Build.0 = Debug|Win32
		{097D9F6C-FD0E-4CBC-9676-009012AAECA8}.Debug|x64.ActiveCfg = Debug|Win32
		{097D9F6C-FD0E-4CBC-9676-009012AAECA8}.Debug|x64.Build.0 = Debug|Win32
		{097D9F6C-FD0E-4CBC-9676-009012AAECA8}.Release|Win32.ActiveCfg = Release|Win32
		{097D9F6C-FD0E-4CBC-9676-009012AAECA8}.Release|Win32.Build.0 = Release|Win32
		{097D9F6C-FD0E-4CBC-9676-009012AAECA8}.Release|x64.ActiveCfg = Release|Win32
		{097D9F6C-FD0E-4CBC-9676-009012AAECA8}.Release|x64.Build.0 = Release|Win32
		{097D9F6C-FD0E-4CBC-9676-009012AAECA8}.ReleaseFast|Win32.ActiveCfg = Release|Win32
		{097D9F6C-FD0E-4CBC-9676-009012AAECA8}.ReleaseFast|Win32.Build.0 = Release|Win32
		{097D9F6C-FD0E-4CBC-9676-009012AAECA8}.ReleaseFast|x64.ActiveCfg = Release|Win32
		{097D9F6C-FD0E-4CBC-9676-009012AAECA8}.ReleaseFast|x64.Build.0 = Release|Win32
		{17A4874B-0606-4687-90B6-F91F8CB3B8AF}.Debug|Win32.ActiveCfg = Debug|Win32
		{17A4874B-0606-4687-90B6-F91F8CB3B8AF}.Debug|Win32.Build.0 = Debug|Win32
		{17A4874B-0606-4687-90B6-F91F8CB3B8AF}.Debug|x64.ActiveCfg = Debug|Win32
		{17A4874B-0606-4687-90B6-F91F8CB3B8AF}.Debug|x64.Build.0 = Debug|Win32
		{17A4874B-0606-4687-90B6-F91F8CB3B8AF}.Release|Win32.ActiveCfg = Release|Win32
		{17A4874B-0606-4687-90B6-F91F8CB3B8AF}.Release|Win32.Build.0 = Release|Win32
		{17A4874B-0606-4687-90B6-F91F8CB3B8AF}.Release|x64.ActiveCfg = Release|Win32
		{17A4874B-0606-4687-90B6-F91F8CB3B8AF}.Release|x64.Build.0 = Release|Win32
		{17A4874B-0606-4687-90B6-F91F8CB3B8AF}.ReleaseFast|Win32.ActiveCfg = Release|Win32
		{17A4874B-0606-4687-90B6-F91F8CB3B8AF}.ReleaseFast|Win32.Build.0 = Release|Win32
		{17A4874B-0606-4687-90B6-F91F8CB3B8AF}.ReleaseFast|x64.ActiveCfg = Release|Win32
		{17A4874B-0606-4687-90B6-F91F8CB3B8AF}.ReleaseFast|x64.Build.0 = Release|Win32
		{33134F61-C1AD-4B6F-9CEA-503A9F140C52}.Debug|Win32.ActiveCfg = Debug|Win32
		{33134F61-C1AD-4B6F-9CEA-503A9F140C52}.Debug|Win32.Build.0 = Debug|Win32
		{33134F61-C1AD-4B6F-9CEA-503A9F140C52}.Debug|x64.ActiveCfg = Debug|Win32
		{33134F61-C1AD-4B6F-9CEA-503A9F140C52}.Debug|x64.Build.0 = Debug|Win32
		{33134F61-C1AD-4B6F-9CEA-503A9F140C52}.Release|Win32.ActiveCfg = Release|Win32
		{33134F61-C1AD-4B6F-9CEA-503A9F140C52}.Release|Win32.Build.0 = Release|Win32
		{33134F61-C1AD-4B6F-9CEA-503A9F140C52}.Release|x64.ActiveCfg = Release|Win32
		{33134F61-C1AD-4B6F-9CEA-503A9F140C52}.Release|x64.Build.0 = Release|Win32
		{33134F61-C1AD-4B6F-9CEA-503A9F140C52}.ReleaseFast|Win32.ActiveCfg = Release|Win32
		{33134F61-C1AD-4B6F-9CEA-503A9F140C52}.ReleaseFast|Win32.Build.0 = Release|Win32
		{33134F61-C1AD-4B6F-9CEA-503A9F140C52}.ReleaseFast|x64.ActiveCfg = Release|Win32
		{33134F61-C1AD-4B6F-9CEA-503A9F140C52}.ReleaseFast|x64.Build.0 = Release|Win32
		{5E6A2678-FB4A-40B8-BDF2-40913EFB7235}.Debug|Win32.ActiveCfg = Debug|Any CPU
		{5E6A2678-FB4A-40B8-BDF2-40913EFB7235}.Debug|Win32.Build.0 = Debug|Any CPU
		{5E6A2678-FB4A-40B8-BDF2-40913EFB7235}.Debug|x64.ActiveCfg = Debug|Any CPU
		{5E6A2678-FB4A-40B8-BDF2-40913EFB7235}.Debug|x64.Build.0 = Debug|Any CPU
		{5E6A2678-FB4A-40B8-BDF2-40913EFB7235}.Release|Win32.ActiveCfg = Release|Any CPU
		{5E6A2678-FB4A-40B8-BDF2-40913EFB7235}.Release|Win32.Build.0 = Release|Any CPU
		{5E6A2678-FB4A-40B8-BDF2-40913EFB7235}.Release|x64.ActiveCfg = Release|Any CPU
		{5E6A2678-FB4A-40B8-BDF2-40913EFB7235}.Release|x64.Build.0 = Release|Any CPU
		{5E6A2678-FB4A-40B8-BDF2-40913EFB7235}.ReleaseFast|Win32.ActiveCfg = Release|Any CPU
		{5E6A2678-FB4A-40B8-BDF2-40913EFB7235}.ReleaseFast|Win32.Build.0 = Release|Any CPU
		{5E6A2678-FB4A-40B8-BDF2-40913EFB7235}.ReleaseFast|x64.ActiveCfg = Release|Any CPU
		{5E6A2678-FB4A-40B8-BDF2-40913EFB7235}.ReleaseFast|x64.Build.0 = Release|Any CPU
		{3648B1FC-D9FC-494C-994C-6B7DDB247406}.Debug|Win32.ActiveCfg = Debug|Win32
		{3648B1FC-D9FC-494C-994C-6B7DDB247406}.Debug|Win32.Build.0 = Debug|Win32
		{3648B1FC-D9FC-494C-994C-6B7DDB247406}.Debug|x64.ActiveCfg = Debug|Win32
		{3648B1FC-D9FC-494C-994C-6B7DDB247406}.Debug|x64.Build.0 = Debug|Win32
		{3648B1FC-D9FC-494C-994C-6B7DDB247406}.Release|Win32.ActiveCfg = Release|Win32
		{3648B1FC-D9FC-494C-994C-6B7DDB247406}.Release|Win32.Build.0 = Release|Win32
		{3648B1FC-D9FC-494C-994C-6B7DDB247406}.Release|x64.ActiveCfg = Release|Win32
		{3648B1FC-D9FC-494C-994C-6B7DDB247406}.Release|x64.Build.0 = Release|Win32
		{3648B1FC-D9FC-494C-994C-6B7DDB247406}.ReleaseFast|Win32.ActiveCfg = ReleaseFast|Win32
		{3648B1FC-D9FC-494C-994C-6B7DDB247406}.ReleaseFast|Win32.Build.0 = ReleaseFast|Win32
		{3648B1FC-D9FC-494C-994C-6B7DDB247406}.ReleaseFast|x64.ActiveCfg = ReleaseFast|Win32
		{3648B1FC-D9FC-494C-994C-6B7DDB247406}.ReleaseFast|x64.Build.0 = ReleaseFast|Win32
	EndGlobalSection
	GlobalSection(SolutionProperties) = preSolution
		HideSolutionNode = FALSE
	EndGlobalSection
	GlobalSection(NestedProjects) = preSolution
		{9E219DF2-315D-478E-8A07-8960C377CE1E} = {B99D5A91-47A0-4D62-B64B-73F77B8431F8}
		{5E1D4E5F-E10C-4BA3-B663-F33014FD21D9} = {B99D5A91-47A0-4D62-B64B-73F77B8431F8}
		{244455E0-5F25-4451-9540-F317883E52A8} = {B99D5A91-47A0-4D62-B64B-73F77B8431F8}
		{E3536C28-A7F1-4B53-8E52-7D2232F9E098} = {B99D5A91-47A0-4D62-B64B-73F77B8431F8}
		{7DB10B50-CE00-4D7A-B322-6824F05D2FCB} = {B99D5A91-47A0-4D62-B64B-73F77B8431F8}
		{07F662C1-1323-42AB-B6AF-FBFD34A7437A} = {B99D5A91-47A0-4D62-B64B-73F77B8431F8}
		{EC085CBD-E9C3-477F-9A97-CB9D5DA30E27} = {B99D5A91-47A0-4D62-B64B-73F77B8431F8}
		{097D9F6C-FD0E-4CBC-9676-009012AAECA8} = {B99D5A91-47A0-4D62-B64B-73F77B8431F8}
		{17A4874B-0606-4687-90B6-F91F8CB3B8AF} = {B99D5A91-47A0-4D62-B64B-73F77B8431F8}
		{33134F61-C1AD-4B6F-9CEA-503A9F140C52} = {B99D5A91-47A0-4D62-B64B-73F77B8431F8}
		{3648B1FC-D9FC-494C-994C-6B7DDB247406} = {14F6114B-8818-4998-B151-A6A1E7BAE383}
	EndGlobalSection
EndGlobal
