<?xml version="1.0" encoding="utf-8"?>
<Project ToolsVersion="4.0" xmlns="http://schemas.microsoft.com/developer/msbuild/2003">
  <ItemGroup>
    <Filter Include="Source Files">
      <UniqueIdentifier>{4FC737F1-C7A5-4376-A066-2A32D752A2FF}</UniqueIdentifier>
      <Extensions>cpp;c;cc;cxx;def;odl;idl;hpj;bat;asm;asmx</Extensions>
    </Filter>
    <Filter Include="Header Files">
      <UniqueIdentifier>{93995380-89BD-4b04-88EB-625FBE52EBFB}</UniqueIdentifier>
      <Extensions>h;hh;hpp;hxx;hm;inl;inc;xsd</Extensions>
    </Filter>
    <Filter Include="Resource Files">
      <UniqueIdentifier>{67DA6AB6-F800-4c08-8B7A-83BB121AAD01}</UniqueIdentifier>
      <Extensions>rc;ico;cur;bmp;dlg;rc2;rct;bin;rgs;gif;jpg;jpeg;jpe;resx;tiff;tif;png;wav;mfcribbon-ms</Extensions>
    </Filter>
  </ItemGroup>
  <ItemGroup>
    <ClInclude Include="code_generators.h">
      <Filter>Header Files</Filter>
    </ClInclude>
    <ClInclude Include="utility.h">
      <Filter>Header Files</Filter>
    </ClInclude>
    <ClInclude Include="..\common\sha1.h">
      <Filter>Header Files</Filter>
    </ClInclude>
    <ClInclude Include="Type.h">
      <Filter>Header Files</Filter>
    </ClInclude>
    <ClInclude Include="generate_audio.h">
      <Filter>Header Files</Filter>
    </ClInclude>
    <ClInclude Include="generate_graphics.h">
      <Filter>Header Files</Filter>
    </ClInclude>
    <ClInclude Include="generate_maps.h">
      <Filter>Header Files</Filter>
    </ClInclude>
    <ClInclude Include="generate_pokemon_data.h">
      <Filter>Header Files</Filter>
    </ClInclude>
    <ClInclude Include="generate_text.h">
      <Filter>Header Files</Filter>
    </ClInclude>
    <ClInclude Include="generate_moves.h">
      <Filter>Header Files</Filter>
    </ClInclude>
    <ClInclude Include="generate_items.h">
      <Filter>Header Files</Filter>
    </ClInclude>
    <ClInclude Include="Image.h">
      <Filter>Header Files</Filter>
    </ClInclude>
    <ClInclude Include="FreeImageInitializer.h">
      <Filter>Header Files</Filter>
    </ClInclude>
    <ClInclude Include="Graphics.h">
      <Filter>Header Files</Filter>
    </ClInclude>
    <ClInclude Include="..\common\base64.h">
      <Filter>Header Files</Filter>
    </ClInclude>
    <ClInclude Include="Maps.h">
      <Filter>Header Files</Filter>
    </ClInclude>
    <ClInclude Include="Tilesets.h">
      <Filter>Header Files</Filter>
    </ClInclude>
    <ClInclude Include="ReorderedBlockset.h">
      <Filter>Header Files</Filter>
    </ClInclude>
    <ClInclude Include="Tilesets2.h">
      <Filter>Header Files</Filter>
    </ClInclude>
    <ClInclude Include="Maps2.h">
      <Filter>Header Files</Filter>
    </ClInclude>
    <ClInclude Include="PokemonData.h">
      <Filter>Header Files</Filter>
    </ClInclude>
    <ClInclude Include="generate_map_objects.h">
      <Filter>Header Files</Filter>
    </ClInclude>
  </ItemGroup>
  <ItemGroup>
    <ClCompile Include="utility.cpp">
      <Filter>Source Files</Filter>
    </ClCompile>
    <ClCompile Include="main.cpp">
      <Filter>Source Files</Filter>
    </ClCompile>
    <ClCompile Include="..\common\sha1.cpp">
      <Filter>Source Files</Filter>
    </ClCompile>
    <ClCompile Include="Type.cpp">
      <Filter>Source Files</Filter>
    </ClCompile>
    <ClCompile Include="generate_graphics.cpp">
      <Filter>Source Files</Filter>
    </ClCompile>
    <ClCompile Include="generate_maps.cpp">
      <Filter>Source Files</Filter>
    </ClCompile>
    <ClCompile Include="generate_pokemon_data.cpp">
      <Filter>Source Files</Filter>
    </ClCompile>
    <ClCompile Include="generate_text.cpp">
      <Filter>Source Files</Filter>
    </ClCompile>
    <ClCompile Include="generate_moves.cpp">
      <Filter>Source Files</Filter>
    </ClCompile>
    <ClCompile Include="generate_items.cpp">
      <Filter>Source Files</Filter>
    </ClCompile>
    <ClCompile Include="generate_audio.cpp">
      <Filter>Source Files</Filter>
    </ClCompile>
    <ClCompile Include="Image.cpp">
      <Filter>Source Files</Filter>
    </ClCompile>
    <ClCompile Include="FreeImageInitializer.cpp">
      <Filter>Source Files</Filter>
    </ClCompile>
    <ClCompile Include="Graphics.cpp">
      <Filter>Source Files</Filter>
    </ClCompile>
    <ClCompile Include="..\common\base64.cpp">
      <Filter>Source Files</Filter>
    </ClCompile>
    <ClCompile Include="Tilesets.cpp">
      <Filter>Source Files</Filter>
    </ClCompile>
    <ClCompile Include="Maps.cpp">
      <Filter>Source Files</Filter>
    </ClCompile>
    <ClCompile Include="ReorderedBlockset.cpp">
      <Filter>Source Files</Filter>
    </ClCompile>
    <ClCompile Include="Tilesets2.cpp">
      <Filter>Source Files</Filter>
    </ClCompile>
    <ClCompile Include="Maps2.cpp">
      <Filter>Source Files</Filter>
    </ClCompile>
    <ClCompile Include="PokemonData.cpp">
      <Filter>Source Files</Filter>
    </ClCompile>
    <ClCompile Include="generate_map_objects.cpp">
      <Filter>Source Files</Filter>
    </ClCompile>
  </ItemGroup>
</Project>